// !$*UTF8*$!
{
	archiveVersion = 1;
	classes = {
	};
	objectVersion = 50;
	objects = {

/* Begin PBXBuildFile section */
		15642B4CB453ABD6E5FD2B92 /* Pods_LzWeather.framework in Frameworks */ = {isa = PBXBuildFile; fileRef = 61DD1588DD913E6AFA973F8F /* Pods_LzWeather.framework */; };
		4C00E35F228D6C53006DF724 /* NetworkTool.swift in Sources */ = {isa = PBXBuildFile; fileRef = 4C00E35E228D6C53006DF724 /* NetworkTool.swift */; };
		4C00E362228D7E7B006DF724 /* LzNetTool.swift in Sources */ = {isa = PBXBuildFile; fileRef = 4C00E361228D7E7B006DF724 /* LzNetTool.swift */; };
		4CBB0ABE229CD8A300B5AD88 /* LzCity.swift in Sources */ = {isa = PBXBuildFile; fileRef = 4CBB0ABD229CD8A300B5AD88 /* LzCity.swift */; };
		4CBB0AC3229D0D0400B5AD88 /* LzBaseModel.swift in Sources */ = {isa = PBXBuildFile; fileRef = 4CBB0AC2229D0D0400B5AD88 /* LzBaseModel.swift */; };
		4CBB0ACD229D12CC00B5AD88 /* readMe.txt in Resources */ = {isa = PBXBuildFile; fileRef = 4CBB0ACC229D12CC00B5AD88 /* readMe.txt */; };
		4CBB0AE7229D18A300B5AD88 /* LzWeatherTC.swift in Sources */ = {isa = PBXBuildFile; fileRef = 4CBB0AE5229D18A300B5AD88 /* LzWeatherTC.swift */; };
		4CBB0AE8229D18A300B5AD88 /* LzWeatherTC.xib in Resources */ = {isa = PBXBuildFile; fileRef = 4CBB0AE6229D18A300B5AD88 /* LzWeatherTC.xib */; };
		4CBB0AEC229D1E8400B5AD88 /* LzConstant.swift in Sources */ = {isa = PBXBuildFile; fileRef = 4CBB0AEB229D1E8400B5AD88 /* LzConstant.swift */; };
		4CE0154B224F63BB00141E44 /* AppDelegate.swift in Sources */ = {isa = PBXBuildFile; fileRef = 4CE0154A224F63BB00141E44 /* AppDelegate.swift */; };
		4CE0154D224F63BB00141E44 /* ViewController.swift in Sources */ = {isa = PBXBuildFile; fileRef = 4CE0154C224F63BB00141E44 /* ViewController.swift */; };
		4CE01550224F63BB00141E44 /* Main.storyboard in Resources */ = {isa = PBXBuildFile; fileRef = 4CE0154E224F63BB00141E44 /* Main.storyboard */; };
		4CE01552224F63BC00141E44 /* Assets.xcassets in Resources */ = {isa = PBXBuildFile; fileRef = 4CE01551224F63BC00141E44 /* Assets.xcassets */; };
		4CE01555224F63BC00141E44 /* LaunchScreen.storyboard in Resources */ = {isa = PBXBuildFile; fileRef = 4CE01553224F63BC00141E44 /* LaunchScreen.storyboard */; };
		4CE1C59122A127CD00F9ADC9 /* LzWeatherVM.swift in Sources */ = {isa = PBXBuildFile; fileRef = 4CE1C59022A127CD00F9ADC9 /* LzWeatherVM.swift */; };
		4CF66CAD228B089400C354B2 /* LzThirdApiKey.swift in Sources */ = {isa = PBXBuildFile; fileRef = 4CF66CAC228B089400C354B2 /* LzThirdApiKey.swift */; };
		4CF66CB0228B1B3200C354B2 /* LzWeather7.swift in Sources */ = {isa = PBXBuildFile; fileRef = 4CF66CAF228B1B3200C354B2 /* LzWeather7.swift */; };
		4CF66CB4228B1B8200C354B2 /* LzWeatherDay.swift in Sources */ = {isa = PBXBuildFile; fileRef = 4CF66CB3228B1B8200C354B2 /* LzWeatherDay.swift */; };
		4CF66CB6228B278300C354B2 /* LzWeatherHour.swift in Sources */ = {isa = PBXBuildFile; fileRef = 4CF66CB5228B278300C354B2 /* LzWeatherHour.swift */; };
		4CF66CB8228B285800C354B2 /* LzWeatherDayIndex.swift in Sources */ = {isa = PBXBuildFile; fileRef = 4CF66CB7228B285800C354B2 /* LzWeatherDayIndex.swift */; };
		4CFD5DFA2250B7640059D9AE /* city.json in Resources */ = {isa = PBXBuildFile; fileRef = 4CFD5DF92250B7640059D9AE /* city.json */; };
		4CFD5DFE2250BBB80059D9AE /* Model.xcdatamodeld in Sources */ = {isa = PBXBuildFile; fileRef = 4CFD5DFC2250BBB80059D9AE /* Model.xcdatamodeld */; };
		4CFD5E012250BE840059D9AE /* City+CoreDataClass.swift in Sources */ = {isa = PBXBuildFile; fileRef = 4CFD5DFF2250BE840059D9AE /* City+CoreDataClass.swift */; };
		4CFD5E022250BE840059D9AE /* City+CoreDataProperties.swift in Sources */ = {isa = PBXBuildFile; fileRef = 4CFD5E002250BE840059D9AE /* City+CoreDataProperties.swift */; };
		4CFD5E042250C3480059D9AE /* LzFileManager.swift in Sources */ = {isa = PBXBuildFile; fileRef = 4CFD5E032250C3480059D9AE /* LzFileManager.swift */; };
/* End PBXBuildFile section */

/* Begin PBXFileReference section */
		1AABA4E4751290ADBEFF4B23 /* Pods-LzWeather.release.xcconfig */ = {isa = PBXFileReference; includeInIndex = 1; lastKnownFileType = text.xcconfig; name = "Pods-LzWeather.release.xcconfig"; path = "Pods/Target Support Files/Pods-LzWeather/Pods-LzWeather.release.xcconfig"; sourceTree = "<group>"; };
		4C00E35E228D6C53006DF724 /* NetworkTool.swift */ = {isa = PBXFileReference; lastKnownFileType = sourcecode.swift; path = NetworkTool.swift; sourceTree = "<group>"; };
		4C00E361228D7E7B006DF724 /* LzNetTool.swift */ = {isa = PBXFileReference; lastKnownFileType = sourcecode.swift; path = LzNetTool.swift; sourceTree = "<group>"; };
		4CBB0ABD229CD8A300B5AD88 /* LzCity.swift */ = {isa = PBXFileReference; lastKnownFileType = sourcecode.swift; path = LzCity.swift; sourceTree = "<group>"; };
		4CBB0AC2229D0D0400B5AD88 /* LzBaseModel.swift */ = {isa = PBXFileReference; lastKnownFileType = sourcecode.swift; path = LzBaseModel.swift; sourceTree = "<group>"; };
		4CBB0ACC229D12CC00B5AD88 /* readMe.txt */ = {isa = PBXFileReference; lastKnownFileType = text; path = readMe.txt; sourceTree = "<group>"; };
		4CBB0AE5229D18A300B5AD88 /* LzWeatherTC.swift */ = {isa = PBXFileReference; lastKnownFileType = sourcecode.swift; path = LzWeatherTC.swift; sourceTree = "<group>"; };
		4CBB0AE6229D18A300B5AD88 /* LzWeatherTC.xib */ = {isa = PBXFileReference; lastKnownFileType = file.xib; path = LzWeatherTC.xib; sourceTree = "<group>"; };
		4CBB0AEB229D1E8400B5AD88 /* LzConstant.swift */ = {isa = PBXFileReference; lastKnownFileType = sourcecode.swift; path = LzConstant.swift; sourceTree = "<group>"; };
		4CE01547224F63BB00141E44 /* LzWeather.app */ = {isa = PBXFileReference; explicitFileType = wrapper.application; includeInIndex = 0; path = LzWeather.app; sourceTree = BUILT_PRODUCTS_DIR; };
		4CE0154A224F63BB00141E44 /* AppDelegate.swift */ = {isa = PBXFileReference; lastKnownFileType = sourcecode.swift; path = AppDelegate.swift; sourceTree = "<group>"; };
		4CE0154C224F63BB00141E44 /* ViewController.swift */ = {isa = PBXFileReference; lastKnownFileType = sourcecode.swift; path = ViewController.swift; sourceTree = "<group>"; };
		4CE0154F224F63BB00141E44 /* Base */ = {isa = PBXFileReference; lastKnownFileType = file.storyboard; name = Base; path = Base.lproj/Main.storyboard; sourceTree = "<group>"; };
		4CE01551224F63BC00141E44 /* Assets.xcassets */ = {isa = PBXFileReference; lastKnownFileType = folder.assetcatalog; path = Assets.xcassets; sourceTree = "<group>"; };
		4CE01554224F63BC00141E44 /* Base */ = {isa = PBXFileReference; lastKnownFileType = file.storyboard; name = Base; path = Base.lproj/LaunchScreen.storyboard; sourceTree = "<group>"; };
		4CE01556224F63BC00141E44 /* Info.plist */ = {isa = PBXFileReference; lastKnownFileType = text.plist.xml; path = Info.plist; sourceTree = "<group>"; };
		4CE1C59022A127CD00F9ADC9 /* LzWeatherVM.swift */ = {isa = PBXFileReference; lastKnownFileType = sourcecode.swift; path = LzWeatherVM.swift; sourceTree = "<group>"; };
		4CF66CAC228B089400C354B2 /* LzThirdApiKey.swift */ = {isa = PBXFileReference; lastKnownFileType = sourcecode.swift; path = LzThirdApiKey.swift; sourceTree = "<group>"; };
		4CF66CAF228B1B3200C354B2 /* LzWeather7.swift */ = {isa = PBXFileReference; lastKnownFileType = sourcecode.swift; path = LzWeather7.swift; sourceTree = "<group>"; };
		4CF66CB3228B1B8200C354B2 /* LzWeatherDay.swift */ = {isa = PBXFileReference; lastKnownFileType = sourcecode.swift; path = LzWeatherDay.swift; sourceTree = "<group>"; };
		4CF66CB5228B278300C354B2 /* LzWeatherHour.swift */ = {isa = PBXFileReference; lastKnownFileType = sourcecode.swift; path = LzWeatherHour.swift; sourceTree = "<group>"; };
		4CF66CB7228B285800C354B2 /* LzWeatherDayIndex.swift */ = {isa = PBXFileReference; lastKnownFileType = sourcecode.swift; path = LzWeatherDayIndex.swift; sourceTree = "<group>"; };
		4CFD5DF92250B7640059D9AE /* city.json */ = {isa = PBXFileReference; fileEncoding = 4; lastKnownFileType = text.json; path = city.json; sourceTree = "<group>"; };
		4CFD5DFD2250BBB80059D9AE /* city.xcdatamodel */ = {isa = PBXFileReference; lastKnownFileType = wrapper.xcdatamodel; path = city.xcdatamodel; sourceTree = "<group>"; };
		4CFD5DFF2250BE840059D9AE /* City+CoreDataClass.swift */ = {isa = PBXFileReference; fileEncoding = 4; lastKnownFileType = sourcecode.swift; path = "City+CoreDataClass.swift"; sourceTree = "<group>"; };
		4CFD5E002250BE840059D9AE /* City+CoreDataProperties.swift */ = {isa = PBXFileReference; fileEncoding = 4; lastKnownFileType = sourcecode.swift; path = "City+CoreDataProperties.swift"; sourceTree = "<group>"; };
		4CFD5E032250C3480059D9AE /* LzFileManager.swift */ = {isa = PBXFileReference; lastKnownFileType = sourcecode.swift; path = LzFileManager.swift; sourceTree = "<group>"; };
		4D7BA8091F3B8273663B82C7 /* Pods-LzWeather.debug.xcconfig */ = {isa = PBXFileReference; includeInIndex = 1; lastKnownFileType = text.xcconfig; name = "Pods-LzWeather.debug.xcconfig"; path = "Pods/Target Support Files/Pods-LzWeather/Pods-LzWeather.debug.xcconfig"; sourceTree = "<group>"; };
		61DD1588DD913E6AFA973F8F /* Pods_LzWeather.framework */ = {isa = PBXFileReference; explicitFileType = wrapper.framework; includeInIndex = 0; path = Pods_LzWeather.framework; sourceTree = BUILT_PRODUCTS_DIR; };
/* End PBXFileReference section */

/* Begin PBXFrameworksBuildPhase section */
		4CE01544224F63BB00141E44 /* Frameworks */ = {
			isa = PBXFrameworksBuildPhase;
			buildActionMask = 2147483647;
			files = (
				15642B4CB453ABD6E5FD2B92 /* Pods_LzWeather.framework in Frameworks */,
			);
			runOnlyForDeploymentPostprocessing = 0;
		};
/* End PBXFrameworksBuildPhase section */

/* Begin PBXGroup section */
		4A0D80F743DA820FE1F40204 /* Frameworks */ = {
			isa = PBXGroup;
			children = (
				61DD1588DD913E6AFA973F8F /* Pods_LzWeather.framework */,
			);
			name = Frameworks;
			sourceTree = "<group>";
		};
		4C00E35D228D6C2D006DF724 /* Tool */ = {
			isa = PBXGroup;
			children = (
				4C00E35E228D6C53006DF724 /* NetworkTool.swift */,
			);
			path = Tool;
			sourceTree = "<group>";
		};
		4C00E360228D7E61006DF724 /* test */ = {
			isa = PBXGroup;
			children = (
				4C00E361228D7E7B006DF724 /* LzNetTool.swift */,
			);
			name = test;
			sourceTree = "<group>";
		};
		4CBB0AC1229D0BC800B5AD88 /* LzFramework */ = {
			isa = PBXGroup;
			children = (
				4CBB0AEA229D1CBF00B5AD88 /* Constant */,
				4CBB0ACB229D129400B5AD88 /* Controller */,
				4CBB0AC9229D0DE700B5AD88 /* Cache */,
				4CBB0AC8229D0DAF00B5AD88 /* Device */,
				4CBB0AC7229D0D9900B5AD88 /* Toast */,
				4CBB0AC6229D0D9200B5AD88 /* Alert */,
				4CBB0AC5229D0D8000B5AD88 /* Share */,
				4CBB0AC4229D0D0800B5AD88 /* Model */,
				4CBB0ACC229D12CC00B5AD88 /* readMe.txt */,
			);
			path = LzFramework;
			sourceTree = "<group>";
		};
		4CBB0AC4229D0D0800B5AD88 /* Model */ = {
			isa = PBXGroup;
			children = (
				4CBB0AC2229D0D0400B5AD88 /* LzBaseModel.swift */,
			);
			path = Model;
			sourceTree = "<group>";
		};
		4CBB0AC5229D0D8000B5AD88 /* Share */ = {
			isa = PBXGroup;
			children = (
			);
			path = Share;
			sourceTree = "<group>";
		};
		4CBB0AC6229D0D9200B5AD88 /* Alert */ = {
			isa = PBXGroup;
			children = (
			);
			path = Alert;
			sourceTree = "<group>";
		};
		4CBB0AC7229D0D9900B5AD88 /* Toast */ = {
			isa = PBXGroup;
			children = (
			);
			path = Toast;
			sourceTree = "<group>";
		};
		4CBB0AC8229D0DAF00B5AD88 /* Device */ = {
			isa = PBXGroup;
			children = (
			);
			path = Device;
			sourceTree = "<group>";
		};
		4CBB0AC9229D0DE700B5AD88 /* Cache */ = {
			isa = PBXGroup;
			children = (
			);
			path = Cache;
			sourceTree = "<group>";
		};
		4CBB0ACB229D129400B5AD88 /* Controller */ = {
			isa = PBXGroup;
			children = (
			);
			path = Controller;
			sourceTree = "<group>";
		};
		4CBB0ACE229D130900B5AD88 /* Modules */ = {
			isa = PBXGroup;
			children = (
				4CBB0AE1229D153C00B5AD88 /* Index */,
				4CBB0ADD229D153C00B5AD88 /* App */,
				4CBB0AD5229D153B00B5AD88 /* News */,
				4CBB0AD9229D153C00B5AD88 /* Contact */,
				4CBB0ACF229D131900B5AD88 /* Mine */,
			);
			path = Modules;
			sourceTree = "<group>";
		};
		4CBB0ACF229D131900B5AD88 /* Mine */ = {
			isa = PBXGroup;
			children = (
				4CBB0AD1229D132E00B5AD88 /* M */,
				4CBB0AD2229D134000B5AD88 /* V */,
				4CBB0AD0229D132000B5AD88 /* C */,
			);
			path = Mine;
			sourceTree = "<group>";
		};
		4CBB0AD0229D132000B5AD88 /* C */ = {
			isa = PBXGroup;
			children = (
			);
			path = C;
			sourceTree = "<group>";
		};
		4CBB0AD1229D132E00B5AD88 /* M */ = {
			isa = PBXGroup;
			children = (
			);
			path = M;
			sourceTree = "<group>";
		};
		4CBB0AD2229D134000B5AD88 /* V */ = {
			isa = PBXGroup;
			children = (
			);
			path = V;
			sourceTree = "<group>";
		};
		4CBB0AD5229D153B00B5AD88 /* News */ = {
			isa = PBXGroup;
			children = (
				4CBB0AD6229D153B00B5AD88 /* M */,
				4CBB0AD7229D153B00B5AD88 /* C */,
				4CBB0AD8229D153B00B5AD88 /* V */,
			);
			path = News;
			sourceTree = "<group>";
		};
		4CBB0AD6229D153B00B5AD88 /* M */ = {
			isa = PBXGroup;
			children = (
			);
			path = M;
			sourceTree = "<group>";
		};
		4CBB0AD7229D153B00B5AD88 /* C */ = {
			isa = PBXGroup;
			children = (
			);
			path = C;
			sourceTree = "<group>";
		};
		4CBB0AD8229D153B00B5AD88 /* V */ = {
			isa = PBXGroup;
			children = (
			);
			path = V;
			sourceTree = "<group>";
		};
		4CBB0AD9229D153C00B5AD88 /* Contact */ = {
			isa = PBXGroup;
			children = (
				4CBB0ADA229D153C00B5AD88 /* M */,
				4CBB0ADB229D153C00B5AD88 /* C */,
				4CBB0ADC229D153C00B5AD88 /* V */,
			);
			path = Contact;
			sourceTree = "<group>";
		};
		4CBB0ADA229D153C00B5AD88 /* M */ = {
			isa = PBXGroup;
			children = (
			);
			path = M;
			sourceTree = "<group>";
		};
		4CBB0ADB229D153C00B5AD88 /* C */ = {
			isa = PBXGroup;
			children = (
			);
			path = C;
			sourceTree = "<group>";
		};
		4CBB0ADC229D153C00B5AD88 /* V */ = {
			isa = PBXGroup;
			children = (
			);
			path = V;
			sourceTree = "<group>";
		};
		4CBB0ADD229D153C00B5AD88 /* App */ = {
			isa = PBXGroup;
			children = (
				4CBB0ADE229D153C00B5AD88 /* M */,
				4CBB0ADF229D153C00B5AD88 /* C */,
				4CBB0AE0229D153C00B5AD88 /* V */,
			);
			path = App;
			sourceTree = "<group>";
		};
		4CBB0ADE229D153C00B5AD88 /* M */ = {
			isa = PBXGroup;
			children = (
			);
			path = M;
			sourceTree = "<group>";
		};
		4CBB0ADF229D153C00B5AD88 /* C */ = {
			isa = PBXGroup;
			children = (
			);
			path = C;
			sourceTree = "<group>";
		};
		4CBB0AE0229D153C00B5AD88 /* V */ = {
			isa = PBXGroup;
			children = (
			);
			path = V;
			sourceTree = "<group>";
		};
		4CBB0AE1229D153C00B5AD88 /* Index */ = {
			isa = PBXGroup;
			children = (
				4CBB0AE2229D153C00B5AD88 /* M */,
				4CBB0AE3229D153C00B5AD88 /* C */,
				4CBB0AE4229D153C00B5AD88 /* V */,
			);
			path = Index;
			sourceTree = "<group>";
		};
		4CBB0AE2229D153C00B5AD88 /* M */ = {
			isa = PBXGroup;
			children = (
			);
			path = M;
			sourceTree = "<group>";
		};
		4CBB0AE3229D153C00B5AD88 /* C */ = {
			isa = PBXGroup;
			children = (
			);
			path = C;
			sourceTree = "<group>";
		};
		4CBB0AE4229D153C00B5AD88 /* V */ = {
			isa = PBXGroup;
			children = (
			);
			path = V;
			sourceTree = "<group>";
		};
		4CBB0AE9229D18B000B5AD88 /* View */ = {
			isa = PBXGroup;
			children = (
				4CBB0AE5229D18A300B5AD88 /* LzWeatherTC.swift */,
				4CBB0AE6229D18A300B5AD88 /* LzWeatherTC.xib */,
			);
			path = View;
			sourceTree = "<group>";
		};
		4CBB0AEA229D1CBF00B5AD88 /* Constant */ = {
			isa = PBXGroup;
			children = (
				4CBB0AEB229D1E8400B5AD88 /* LzConstant.swift */,
			);
			path = Constant;
			sourceTree = "<group>";
		};
		4CE0153E224F63BB00141E44 = {
			isa = PBXGroup;
			children = (
				4CFD5DFF2250BE840059D9AE /* City+CoreDataClass.swift */,
				4CFD5E002250BE840059D9AE /* City+CoreDataProperties.swift */,
				4CE01549224F63BB00141E44 /* LzWeather */,
				4CE01548224F63BB00141E44 /* Products */,
				D5A779F0327F48775A096F92 /* Pods */,
				4A0D80F743DA820FE1F40204 /* Frameworks */,
			);
			sourceTree = "<group>";
		};
		4CE01548224F63BB00141E44 /* Products */ = {
			isa = PBXGroup;
			children = (
				4CE01547224F63BB00141E44 /* LzWeather.app */,
			);
			name = Products;
			sourceTree = "<group>";
		};
		4CE01549224F63BB00141E44 /* LzWeather */ = {
			isa = PBXGroup;
			children = (
				4C00E360228D7E61006DF724 /* test */,
				4CF66CAE228B126F00C354B2 /* Classes */,
				4CE0154A224F63BB00141E44 /* AppDelegate.swift */,
				4CE0154C224F63BB00141E44 /* ViewController.swift */,
				4CFD5E032250C3480059D9AE /* LzFileManager.swift */,
				4CF66CAC228B089400C354B2 /* LzThirdApiKey.swift */,
				4CE0154E224F63BB00141E44 /* Main.storyboard */,
				4CE01551224F63BC00141E44 /* Assets.xcassets */,
				4CE01553224F63BC00141E44 /* LaunchScreen.storyboard */,
				4CE01556224F63BC00141E44 /* Info.plist */,
				4CFD5DF92250B7640059D9AE /* city.json */,
				4CFD5DFC2250BBB80059D9AE /* Model.xcdatamodeld */,
			);
			path = LzWeather;
			sourceTree = "<group>";
		};
		4CE1C58F22A126F900F9ADC9 /* ViewModel */ = {
			isa = PBXGroup;
			children = (
				4CE1C59022A127CD00F9ADC9 /* LzWeatherVM.swift */,
			);
			path = ViewModel;
			sourceTree = "<group>";
		};
		4CF66CAE228B126F00C354B2 /* Classes */ = {
			isa = PBXGroup;
			children = (
				4C00E35D228D6C2D006DF724 /* Tool */,
				4CBB0AC1229D0BC800B5AD88 /* LzFramework */,
				4CBB0ACE229D130900B5AD88 /* Modules */,
				4CE1C58F22A126F900F9ADC9 /* ViewModel */,
				4CBB0AE9229D18B000B5AD88 /* View */,
				4CF66CB2228B1B3F00C354B2 /* Model */,
			);
			path = Classes;
			sourceTree = "<group>";
		};
		4CF66CB2228B1B3F00C354B2 /* Model */ = {
			isa = PBXGroup;
			children = (
				4CF66CAF228B1B3200C354B2 /* LzWeather7.swift */,
				4CF66CB3228B1B8200C354B2 /* LzWeatherDay.swift */,
				4CF66CB5228B278300C354B2 /* LzWeatherHour.swift */,
				4CF66CB7228B285800C354B2 /* LzWeatherDayIndex.swift */,
				4CBB0ABD229CD8A300B5AD88 /* LzCity.swift */,
			);
			path = Model;
			sourceTree = "<group>";
		};
		D5A779F0327F48775A096F92 /* Pods */ = {
			isa = PBXGroup;
			children = (
				4D7BA8091F3B8273663B82C7 /* Pods-LzWeather.debug.xcconfig */,
				1AABA4E4751290ADBEFF4B23 /* Pods-LzWeather.release.xcconfig */,
			);
			name = Pods;
			sourceTree = "<group>";
		};
/* End PBXGroup section */

/* Begin PBXNativeTarget section */
		4CE01546224F63BB00141E44 /* LzWeather */ = {
			isa = PBXNativeTarget;
			buildConfigurationList = 4CE01559224F63BC00141E44 /* Build configuration list for PBXNativeTarget "LzWeather" */;
			buildPhases = (
				EF4B4294F77A8B9A15465FD0 /* [CP] Check Pods Manifest.lock */,
				4CE01543224F63BB00141E44 /* Sources */,
				4CE01544224F63BB00141E44 /* Frameworks */,
				4CE01545224F63BB00141E44 /* Resources */,
				F3C968A562CE6BE5B2EBAD1F /* [CP] Embed Pods Frameworks */,
			);
			buildRules = (
			);
			dependencies = (
			);
			name = LzWeather;
			productName = LzWeather;
			productReference = 4CE01547224F63BB00141E44 /* LzWeather.app */;
			productType = "com.apple.product-type.application";
		};
/* End PBXNativeTarget section */

/* Begin PBXProject section */
		4CE0153F224F63BB00141E44 /* Project object */ = {
			isa = PBXProject;
			attributes = {
				CLASSPREFIX = Lz;
				LastSwiftUpdateCheck = 1010;
				LastUpgradeCheck = 1010;
				ORGANIZATIONNAME = com.lz.www;
				TargetAttributes = {
					4CE01546224F63BB00141E44 = {
						CreatedOnToolsVersion = 10.1;
					};
				};
			};
			buildConfigurationList = 4CE01542224F63BB00141E44 /* Build configuration list for PBXProject "LzWeather" */;
			compatibilityVersion = "Xcode 9.3";
			developmentRegion = en;
			hasScannedForEncodings = 0;
			knownRegions = (
				en,
				Base,
			);
			mainGroup = 4CE0153E224F63BB00141E44;
			productRefGroup = 4CE01548224F63BB00141E44 /* Products */;
			projectDirPath = "";
			projectRoot = "";
			targets = (
				4CE01546224F63BB00141E44 /* LzWeather */,
			);
		};
/* End PBXProject section */

/* Begin PBXResourcesBuildPhase section */
		4CE01545224F63BB00141E44 /* Resources */ = {
			isa = PBXResourcesBuildPhase;
			buildActionMask = 2147483647;
			files = (
				4CBB0ACD229D12CC00B5AD88 /* readMe.txt in Resources */,
				4CE01555224F63BC00141E44 /* LaunchScreen.storyboard in Resources */,
				4CE01552224F63BC00141E44 /* Assets.xcassets in Resources */,
				4CFD5DFA2250B7640059D9AE /* city.json in Resources */,
				4CE01550224F63BB00141E44 /* Main.storyboard in Resources */,
				4CBB0AE8229D18A300B5AD88 /* LzWeatherTC.xib in Resources */,
			);
			runOnlyForDeploymentPostprocessing = 0;
		};
/* End PBXResourcesBuildPhase section */

/* Begin PBXShellScriptBuildPhase section */
		EF4B4294F77A8B9A15465FD0 /* [CP] Check Pods Manifest.lock */ = {
			isa = PBXShellScriptBuildPhase;
			buildActionMask = 2147483647;
			files = (
			);
			inputPaths = (
				"${PODS_PODFILE_DIR_PATH}/Podfile.lock",
				"${PODS_ROOT}/Manifest.lock",
			);
			name = "[CP] Check Pods Manifest.lock";
			outputPaths = (
				"$(DERIVED_FILE_DIR)/Pods-LzWeather-checkManifestLockResult.txt",
			);
			runOnlyForDeploymentPostprocessing = 0;
			shellPath = /bin/sh;
			shellScript = "diff \"${PODS_PODFILE_DIR_PATH}/Podfile.lock\" \"${PODS_ROOT}/Manifest.lock\" > /dev/null\nif [ $? != 0 ] ; then\n    # print error to STDERR\n    echo \"error: The sandbox is not in sync with the Podfile.lock. Run 'pod install' or update your CocoaPods installation.\" >&2\n    exit 1\nfi\n# This output is used by Xcode 'outputs' to avoid re-running this script phase.\necho \"SUCCESS\" > \"${SCRIPT_OUTPUT_FILE_0}\"\n";
			showEnvVarsInLog = 0;
		};
		F3C968A562CE6BE5B2EBAD1F /* [CP] Embed Pods Frameworks */ = {
			isa = PBXShellScriptBuildPhase;
			buildActionMask = 2147483647;
			files = (
			);
			inputPaths = (
				"${SRCROOT}/Pods/Target Support Files/Pods-LzWeather/Pods-LzWeather-frameworks.sh",
				"${BUILT_PRODUCTS_DIR}/Alamofire/Alamofire.framework",
				"${BUILT_PRODUCTS_DIR}/HandyJSON/HandyJSON.framework",
				"${BUILT_PRODUCTS_DIR}/SwiftyJSON/SwiftyJSON.framework",
			);
			name = "[CP] Embed Pods Frameworks";
			outputPaths = (
				"${TARGET_BUILD_DIR}/${FRAMEWORKS_FOLDER_PATH}/Alamofire.framework",
				"${TARGET_BUILD_DIR}/${FRAMEWORKS_FOLDER_PATH}/HandyJSON.framework",
				"${TARGET_BUILD_DIR}/${FRAMEWORKS_FOLDER_PATH}/SwiftyJSON.framework",
			);
			runOnlyForDeploymentPostprocessing = 0;
			shellPath = /bin/sh;
			shellScript = "\"${SRCROOT}/Pods/Target Support Files/Pods-LzWeather/Pods-LzWeather-frameworks.sh\"\n";
			showEnvVarsInLog = 0;
		};
/* End PBXShellScriptBuildPhase section */

/* Begin PBXSourcesBuildPhase section */
		4CE01543224F63BB00141E44 /* Sources */ = {
			isa = PBXSourcesBuildPhase;
			buildActionMask = 2147483647;
			files = (
				4C00E362228D7E7B006DF724 /* LzNetTool.swift in Sources */,
				4CE1C59122A127CD00F9ADC9 /* LzWeatherVM.swift in Sources */,
				4CF66CB6228B278300C354B2 /* LzWeatherHour.swift in Sources */,
				4CF66CB4228B1B8200C354B2 /* LzWeatherDay.swift in Sources */,
				4CF66CB0228B1B3200C354B2 /* LzWeather7.swift in Sources */,
				4CFD5E012250BE840059D9AE /* City+CoreDataClass.swift in Sources */,
				4C00E35F228D6C53006DF724 /* NetworkTool.swift in Sources */,
				4CBB0AEC229D1E8400B5AD88 /* LzConstant.swift in Sources */,
				4CFD5E022250BE840059D9AE /* City+CoreDataProperties.swift in Sources */,
				4CF66CAD228B089400C354B2 /* LzThirdApiKey.swift in Sources */,
				4CFD5DFE2250BBB80059D9AE /* Model.xcdatamodeld in Sources */,
				4CBB0AE7229D18A300B5AD88 /* LzWeatherTC.swift in Sources */,
				4CF66CB8228B285800C354B2 /* LzWeatherDayIndex.swift in Sources */,
				4CE0154D224F63BB00141E44 /* ViewController.swift in Sources */,
				4CFD5E042250C3480059D9AE /* LzFileManager.swift in Sources */,
				4CBB0ABE229CD8A300B5AD88 /* LzCity.swift in Sources */,
				4CBB0AC3229D0D0400B5AD88 /* LzBaseModel.swift in Sources */,
				4CE0154B224F63BB00141E44 /* AppDelegate.swift in Sources */,
			);
			runOnlyForDeploymentPostprocessing = 0;
		};
/* End PBXSourcesBuildPhase section */

/* Begin PBXVariantGroup section */
		4CE0154E224F63BB00141E44 /* Main.storyboard */ = {
			isa = PBXVariantGroup;
			children = (
				4CE0154F224F63BB00141E44 /* Base */,
			);
			name = Main.storyboard;
			sourceTree = "<group>";
		};
		4CE01553224F63BC00141E44 /* LaunchScreen.storyboard */ = {
			isa = PBXVariantGroup;
			children = (
				4CE01554224F63BC00141E44 /* Base */,
			);
			name = LaunchScreen.storyboard;
			sourceTree = "<group>";
		};
/* End PBXVariantGroup section */

/* Begin XCBuildConfiguration section */
		4CE01557224F63BC00141E44 /* Debug */ = {
			isa = XCBuildConfiguration;
			buildSettings = {
				ALWAYS_SEARCH_USER_PATHS = NO;
				CLANG_ANALYZER_NONNULL = YES;
				CLANG_ANALYZER_NUMBER_OBJECT_CONVERSION = YES_AGGRESSIVE;
				CLANG_CXX_LANGUAGE_STANDARD = "gnu++14";
				CLANG_CXX_LIBRARY = "libc++";
				CLANG_ENABLE_MODULES = YES;
				CLANG_ENABLE_OBJC_ARC = YES;
				CLANG_ENABLE_OBJC_WEAK = YES;
				CLANG_WARN_BLOCK_CAPTURE_AUTORELEASING = YES;
				CLANG_WARN_BOOL_CONVERSION = YES;
				CLANG_WARN_COMMA = YES;
				CLANG_WARN_CONSTANT_CONVERSION = YES;
				CLANG_WARN_DEPRECATED_OBJC_IMPLEMENTATIONS = YES;
				CLANG_WARN_DIRECT_OBJC_ISA_USAGE = YES_ERROR;
				CLANG_WARN_DOCUMENTATION_COMMENTS = YES;
				CLANG_WARN_EMPTY_BODY = YES;
				CLANG_WARN_ENUM_CONVERSION = YES;
				CLANG_WARN_INFINITE_RECURSION = YES;
				CLANG_WARN_INT_CONVERSION = YES;
				CLANG_WARN_NON_LITERAL_NULL_CONVERSION = YES;
				CLANG_WARN_OBJC_IMPLICIT_RETAIN_SELF = YES;
				CLANG_WARN_OBJC_LITERAL_CONVERSION = YES;
				CLANG_WARN_OBJC_ROOT_CLASS = YES_ERROR;
				CLANG_WARN_RANGE_LOOP_ANALYSIS = YES;
				CLANG_WARN_STRICT_PROTOTYPES = YES;
				CLANG_WARN_SUSPICIOUS_MOVE = YES;
				CLANG_WARN_UNGUARDED_AVAILABILITY = YES_AGGRESSIVE;
				CLANG_WARN_UNREACHABLE_CODE = YES;
				CLANG_WARN__DUPLICATE_METHOD_MATCH = YES;
				CODE_SIGN_IDENTITY = "iPhone Developer";
				COPY_PHASE_STRIP = NO;
				DEBUG_INFORMATION_FORMAT = dwarf;
				ENABLE_STRICT_OBJC_MSGSEND = YES;
				ENABLE_TESTABILITY = YES;
				GCC_C_LANGUAGE_STANDARD = gnu11;
				GCC_DYNAMIC_NO_PIC = NO;
				GCC_NO_COMMON_BLOCKS = YES;
				GCC_OPTIMIZATION_LEVEL = 0;
				GCC_PREPROCESSOR_DEFINITIONS = (
					"DEBUG=1",
					"$(inherited)",
				);
				GCC_WARN_64_TO_32_BIT_CONVERSION = YES;
				GCC_WARN_ABOUT_RETURN_TYPE = YES_ERROR;
				GCC_WARN_UNDECLARED_SELECTOR = YES;
				GCC_WARN_UNINITIALIZED_AUTOS = YES_AGGRESSIVE;
				GCC_WARN_UNUSED_FUNCTION = YES;
				GCC_WARN_UNUSED_VARIABLE = YES;
				IPHONEOS_DEPLOYMENT_TARGET = 12.1;
				MTL_ENABLE_DEBUG_INFO = INCLUDE_SOURCE;
				MTL_FAST_MATH = YES;
				ONLY_ACTIVE_ARCH = YES;
				SDKROOT = iphoneos;
				SWIFT_ACTIVE_COMPILATION_CONDITIONS = DEBUG;
				SWIFT_OPTIMIZATION_LEVEL = "-Onone";
			};
			name = Debug;
		};
		4CE01558224F63BC00141E44 /* Release */ = {
			isa = XCBuildConfiguration;
			buildSettings = {
				ALWAYS_SEARCH_USER_PATHS = NO;
				CLANG_ANALYZER_NONNULL = YES;
				CLANG_ANALYZER_NUMBER_OBJECT_CONVERSION = YES_AGGRESSIVE;
				CLANG_CXX_LANGUAGE_STANDARD = "gnu++14";
				CLANG_CXX_LIBRARY = "libc++";
				CLANG_ENABLE_MODULES = YES;
				CLANG_ENABLE_OBJC_ARC = YES;
				CLANG_ENABLE_OBJC_WEAK = YES;
				CLANG_WARN_BLOCK_CAPTURE_AUTORELEASING = YES;
				CLANG_WARN_BOOL_CONVERSION = YES;
				CLANG_WARN_COMMA = YES;
				CLANG_WARN_CONSTANT_CONVERSION = YES;
				CLANG_WARN_DEPRECATED_OBJC_IMPLEMENTATIONS = YES;
				CLANG_WARN_DIRECT_OBJC_ISA_USAGE = YES_ERROR;
				CLANG_WARN_DOCUMENTATION_COMMENTS = YES;
				CLANG_WARN_EMPTY_BODY = YES;
				CLANG_WARN_ENUM_CONVERSION = YES;
				CLANG_WARN_INFINITE_RECURSION = YES;
				CLANG_WARN_INT_CONVERSION = YES;
				CLANG_WARN_NON_LITERAL_NULL_CONVERSION = YES;
				CLANG_WARN_OBJC_IMPLICIT_RETAIN_SELF = YES;
				CLANG_WARN_OBJC_LITERAL_CONVERSION = YES;
				CLANG_WARN_OBJC_ROOT_CLASS = YES_ERROR;
				CLANG_WARN_RANGE_LOOP_ANALYSIS = YES;
				CLANG_WARN_STRICT_PROTOTYPES = YES;
				CLANG_WARN_SUSPICIOUS_MOVE = YES;
				CLANG_WARN_UNGUARDED_AVAILABILITY = YES_AGGRESSIVE;
				CLANG_WARN_UNREACHABLE_CODE = YES;
				CLANG_WARN__DUPLICATE_METHOD_MATCH = YES;
				CODE_SIGN_IDENTITY = "iPhone Developer";
				COPY_PHASE_STRIP = NO;
				DEBUG_INFORMATION_FORMAT = "dwarf-with-dsym";
				ENABLE_NS_ASSERTIONS = NO;
				ENABLE_STRICT_OBJC_MSGSEND = YES;
				GCC_C_LANGUAGE_STANDARD = gnu11;
				GCC_NO_COMMON_BLOCKS = YES;
				GCC_WARN_64_TO_32_BIT_CONVERSION = YES;
				GCC_WARN_ABOUT_RETURN_TYPE = YES_ERROR;
				GCC_WARN_UNDECLARED_SELECTOR = YES;
				GCC_WARN_UNINITIALIZED_AUTOS = YES_AGGRESSIVE;
				GCC_WARN_UNUSED_FUNCTION = YES;
				GCC_WARN_UNUSED_VARIABLE = YES;
				IPHONEOS_DEPLOYMENT_TARGET = 12.1;
				MTL_ENABLE_DEBUG_INFO = NO;
				MTL_FAST_MATH = YES;
				SDKROOT = iphoneos;
				SWIFT_COMPILATION_MODE = wholemodule;
				SWIFT_OPTIMIZATION_LEVEL = "-O";
				VALIDATE_PRODUCT = YES;
			};
			name = Release;
		};
		4CE0155A224F63BC00141E44 /* Debug */ = {
			isa = XCBuildConfiguration;
			baseConfigurationReference = 4D7BA8091F3B8273663B82C7 /* Pods-LzWeather.debug.xcconfig */;
			buildSettings = {
				ASSETCATALOG_COMPILER_APPICON_NAME = AppIcon;
				CODE_SIGN_STYLE = Automatic;
				DEVELOPMENT_TEAM = 7674N8JF99;
				INFOPLIST_FILE = LzWeather/Info.plist;
				IPHONEOS_DEPLOYMENT_TARGET = 9.0;
				LD_RUNPATH_SEARCH_PATHS = (
					"$(inherited)",
					"@executable_path/Frameworks",
				);
				OTHER_SWIFT_FLAGS = "$(inherited) \"-D\" \"COCOAPODS\" -DDEBUG";
				PRODUCT_BUNDLE_IDENTIFIER = www.lz.com.LzWeather;
				PRODUCT_NAME = "$(TARGET_NAME)";
				SWIFT_VERSION = 4.2;
				TARGETED_DEVICE_FAMILY = 1;
			};
			name = Debug;
		};
		4CE0155B224F63BC00141E44 /* Release */ = {
			isa = XCBuildConfiguration;
			baseConfigurationReference = 1AABA4E4751290ADBEFF4B23 /* Pods-LzWeather.release.xcconfig */;
			buildSettings = {
				ASSETCATALOG_COMPILER_APPICON_NAME = AppIcon;
				CODE_SIGN_STYLE = Automatic;
				DEVELOPMENT_TEAM = 7674N8JF99;
				INFOPLIST_FILE = LzWeather/Info.plist;
				IPHONEOS_DEPLOYMENT_TARGET = 9.0;
				LD_RUNPATH_SEARCH_PATHS = (
					"$(inherited)",
					"@executable_path/Frameworks",
				);
				OTHER_SWIFT_FLAGS = "$(inherited) \"-D\" \"COCOAPODS\" -DRELESE";
				PRODUCT_BUNDLE_IDENTIFIER = www.lz.com.LzWeather;
				PRODUCT_NAME = "$(TARGET_NAME)";
				SWIFT_VERSION = 4.2;
				TARGETED_DEVICE_FAMILY = 1;
			};
			name = Release;
		};
/* End XCBuildConfiguration section */

/* Begin XCConfigurationList section */
		4CE01542224F63BB00141E44 /* Build configuration list for PBXProject "LzWeather" */ = {
			isa = XCConfigurationList;
			buildConfigurations = (
				4CE01557224F63BC00141E44 /* Debug */,
				4CE01558224F63BC00141E44 /* Release */,
			);
			defaultConfigurationIsVisible = 0;
			defaultConfigurationName = Release;
		};
		4CE01559224F63BC00141E44 /* Build configuration list for PBXNativeTarget "LzWeather" */ = {
			isa = XCConfigurationList;
			buildConfigurations = (
				4CE0155A224F63BC00141E44 /* Debug */,
				4CE0155B224F63BC00141E44 /* Release */,
			);
			defaultConfigurationIsVisible = 0;
			defaultConfigurationName = Release;
		};
/* End XCConfigurationList section */

/* Begin XCVersionGroup section */
		4CFD5DFC2250BBB80059D9AE /* Model.xcdatamodeld */ = {
			isa = XCVersionGroup;
			children = (
				4CFD5DFD2250BBB80059D9AE /* city.xcdatamodel */,
			);
			currentVersion = 4CFD5DFD2250BBB80059D9AE /* city.xcdatamodel */;
			path = Model.xcdatamodeld;
			sourceTree = "<group>";
			versionGroupType = wrapper.xcdatamodel;
		};
/* End XCVersionGroup section */
	};
	rootObject = 4CE0153F224F63BB00141E44 /* Project object */;
}
